
Microsoft Visual Studio Solution File, Format Version 12.00
# Visual Studio 2012
Project("{FAE04EC0-301F-11D3-BF4B-00C04F79EFBC}") = "BlankFormsApp", "BlankFormsApp.csproj", "{472BA65F-9244-44AC-98E4-F2EA05AAB0FD}"
EndProject
Project("{FAE04EC0-301F-11D3-BF4B-00C04F79EFBC}") = "BlankFormsApp.iOS", "iOS\BlankFormsApp.iOS.csproj", "{C4DF0189-4D6E-4FC0-AA9B-C8532458440A}"
EndProject
Global
	GlobalSection(SolutionConfigurationPlatforms) = preSolution
		Debug|Any CPU = Debug|Any CPU
		Release|Any CPU = Release|Any CPU
		Debug|iPhoneSimulator = Debug|iPhoneSimulator
		Release|iPhone = Release|iPhone
		Release|iPhoneSimulator = Release|iPhoneSimulator
		Debug|iPhone = Debug|iPhone
	EndGlobalSection
	GlobalSection(ProjectConfigurationPlatforms) = postSolution
		{472BA65F-9244-44AC-98E4-F2EA05AAB0FD}.Debug|Any CPU.ActiveCfg = Debug|Any CPU
		{472BA65F-9244-44AC-98E4-F2EA05AAB0FD}.Debug|Any CPU.Build.0 = Debug|Any CPU
		{472BA65F-9244-44AC-98E4-F2EA05AAB0FD}.Release|Any CPU.ActiveCfg = Release|Any CPU
		{472BA65F-9244-44AC-98E4-F2EA05AAB0FD}.Release|Any CPU.Build.0 = Release|Any CPU
		{472BA65F-9244-44AC-98E4-F2EA05AAB0FD}.Debug|iPhoneSimulator.ActiveCfg = Debug|Any CPU
		{472BA65F-9244-44AC-98E4-F2EA05AAB0FD}.Debug|iPhoneSimulator.Build.0 = Debug|Any CPU
		{472BA65F-9244-44AC-98E4-F2EA05AAB0FD}.Release|iPhone.ActiveCfg = Release|Any CPU
		{472BA65F-9244-44AC-98E4-F2EA05AAB0FD}.Release|iPhone.Build.0 = Release|Any CPU
		{472BA65F-9244-44AC-98E4-F2EA05AAB0FD}.Release|iPhoneSimulator.ActiveCfg = Release|Any CPU
		{472BA65F-9244-44AC-98E4-F2EA05AAB0FD}.Release|iPhoneSimulator.Build.0 = Release|Any CPU
		{472BA65F-9244-44AC-98E4-F2EA05AAB0FD}.Debug|iPhone.ActiveCfg = Debug|Any CPU
		{472BA65F-9244-44AC-98E4-F2EA05AAB0FD}.Debug|iPhone.Build.0 = Debug|Any CPU
		{C4DF0189-4D6E-4FC0-AA9B-C8532458440A}.Debug|Any CPU.ActiveCfg = Debug|iPhoneSimulator
		{C4DF0189-4D6E-4FC0-AA9B-C8532458440A}.Debug|Any CPU.Build.0 = Debug|iPhoneSimulator
		{C4DF0189-4D6E-4FC0-AA9B-C8532458440A}.Release|Any CPU.ActiveCfg = Release|iPhone
		{C4DF0189-4D6E-4FC0-AA9B-C8532458440A}.Release|Any CPU.Build.0 = Release|iPhone
		{C4DF0189-4D6E-4FC0-AA9B-C8532458440A}.Debug|iPhoneSimulator.ActiveCfg = Debug|iPhoneSimulator
		{C4DF0189-4D6E-4FC0-AA9B-C8532458440A}.Debug|iPhoneSimulator.Build.0 = Debug|iPhoneSimulator
		{C4DF0189-4D6E-4FC0-AA9B-C8532458440A}.Release|iPhone.ActiveCfg = Release|iPhone
		{C4DF0189-4D6E-4FC0-AA9B-C8532458440A}.Release|iPhone.Build.0 = Release|iPhone
		{C4DF0189-4D6E-4FC0-AA9B-C8532458440A}.Release|iPhoneSimulator.ActiveCfg = Release|iPhoneSimulator
		{C4DF0189-4D6E-4FC0-AA9B-C8532458440A}.Release|iPhoneSimulator.Build.0 = Release|iPhoneSimulator
		{C4DF0189-4D6E-4FC0-AA9B-C8532458440A}.Debug|iPhone.ActiveCfg = Debug|iPhone
		{C4DF0189-4D6E-4FC0-AA9B-C8532458440A}.Debug|iPhone.Build.0 = Debug|iPhone
	EndGlobalSection
EndGlobal
