
Microsoft Visual Studio Solution File, Format Version 12.00
# Visual Studio 15
VisualStudioVersion = 15.0.27703.2042
MinimumVisualStudioVersion = 10.0.40219.1
Project("{FAE04EC0-301F-11D3-BF4B-00C04F79EFBC}") = "ReactRedux", "ReactRedux\ReactRedux.csproj", "{1A449539-55B2-4B56-804A-2183ABE83EB5}"
EndProject
Global
	GlobalSection(SolutionConfigurationPlatforms) = preSolution
		Debug|Any CPU = Debug|Any CPU
		Release|Any CPU = Release|Any CPU
	EndGlobalSection
	GlobalSection(ProjectConfigurationPlatforms) = postSolution
		{1A449539-55B2-4B56-804A-2183ABE83EB5}.Debug|Any CPU.ActiveCfg = Debug|Any CPU
		{1A449539-55B2-4B56-804A-2183ABE83EB5}.Debug|Any CPU.Build.0 = Debug|Any CPU
		{1A449539-55B2-4B56-804A-2183ABE83EB5}.Release|Any CPU.ActiveCfg = Release|Any CPU
		{1A449539-55B2-4B56-804A-2183ABE83EB5}.Release|Any CPU.Build.0 = Release|Any CPU
	EndGlobalSection
	GlobalSection(SolutionProperties) = preSolution
		HideSolutionNode = FALSE
	EndGlobalSection
	GlobalSection(ExtensibilityGlobals) = postSolution
		SolutionGuid = {F3B82C39-1701-44A6-8DAD-23A55F13C9B9}
	EndGlobalSection
EndGlobal
