
Microsoft Visual Studio Solution File, Format Version 12.00
# Visual Studio 15
VisualStudioVersion = 15.0.27130.2026
MinimumVisualStudioVersion = 10.0.40219.1
Project("{FAE04EC0-301F-11D3-BF4B-00C04F79EFBC}") = "VS-MasterDetail-iPhone", "VS-MasterDetail-iPhone.csproj", "{6FE5A583-D192-432E-93F9-F6A1E707317F}"
EndProject
Global
	GlobalSection(SolutionConfigurationPlatforms) = preSolution
		Debug|iPhone = Debug|iPhone
		Debug|iPhoneSimulator = Debug|iPhoneSimulator
		Release|iPhone = Release|iPhone
		Release|iPhoneSimulator = Release|iPhoneSimulator
	EndGlobalSection
	GlobalSection(ProjectConfigurationPlatforms) = postSolution
		{6FE5A583-D192-432E-93F9-F6A1E707317F}.Debug|iPhone.ActiveCfg = Debug|iPhone
		{6FE5A583-D192-432E-93F9-F6A1E707317F}.Debug|iPhone.Build.0 = Debug|iPhone
		{6FE5A583-D192-432E-93F9-F6A1E707317F}.Debug|iPhoneSimulator.ActiveCfg = Debug|iPhoneSimulator
		{6FE5A583-D192-432E-93F9-F6A1E707317F}.Debug|iPhoneSimulator.Build.0 = Debug|iPhoneSimulator
		{6FE5A583-D192-432E-93F9-F6A1E707317F}.Release|iPhone.ActiveCfg = Release|iPhone
		{6FE5A583-D192-432E-93F9-F6A1E707317F}.Release|iPhone.Build.0 = Release|iPhone
		{6FE5A583-D192-432E-93F9-F6A1E707317F}.Release|iPhoneSimulator.ActiveCfg = Release|iPhoneSimulator
		{6FE5A583-D192-432E-93F9-F6A1E707317F}.Release|iPhoneSimulator.Build.0 = Release|iPhoneSimulator
	EndGlobalSection
	GlobalSection(SolutionProperties) = preSolution
		HideSolutionNode = FALSE
	EndGlobalSection
	GlobalSection(ExtensibilityGlobals) = postSolution
		SolutionGuid = {6E2F25BF-3CC2-4AC5-B3D7-A94FBEB6F575}
	EndGlobalSection
EndGlobal
